// !$*UTF8*$!
{
	archiveVersion = 1;
	classes = {
	};
	objectVersion = 56;
	objects = {

/* Begin PBXBuildFile section */
		74599B882F2EBA7C007395F6 /* yolov8n.mlpackage in Resources */ = {isa = PBXBuildFile; fileRef = 74599B882F2EBA7C007395F7 /* yolov8n.mlpackage */; };
		74599B892F2EBA7B007395F5 /* testVid1.mov in Resources */ = {isa = PBXBuildFile; fileRef = 74599B882F2EBA7B007395F5 /* testVid1.mov */; };
		74599B8A2F2EBA7B007395F6 /* testVid2.mov in Resources */ = {isa = PBXBuildFile; fileRef = 74599B8B2F2EBA7B007395F6 /* testVid2.mov */; };
		74599B8C2F2EBA7B007395F6 /* testVid5.mov in Resources */ = {isa = PBXBuildFile; fileRef = 74599B8D2F2EBA7B007395F6 /* testVid5.mov */; };
		B10000000000000000000001 /* AlertManager.swift in Sources */ = {isa = PBXBuildFile; fileRef = F10000000000000000000001 /* AlertManager.swift */; };
		B10000000000000000000002 /* AlertPhrases.swift in Sources */ = {isa = PBXBuildFile; fileRef = F10000000000000000000002 /* AlertPhrases.swift */; };
		B10000000000000000000003 /* ElevenLabsTTS.swift in Sources */ = {isa = PBXBuildFile; fileRef = F10000000000000000000003 /* ElevenLabsTTS.swift */; };
		B10000000000000000000004 /* TTSFallback.swift in Sources */ = {isa = PBXBuildFile; fileRef = F10000000000000000000004 /* TTSFallback.swift */; };
		B10000000000000000000005 /* ContentView.swift in Sources */ = {isa = PBXBuildFile; fileRef = F10000000000000000000005 /* ContentView.swift */; };
		B10000000000000000000006 /* ContentViewModel.swift in Sources */ = {isa = PBXBuildFile; fileRef = F10000000000000000000006 /* ContentViewModel.swift */; };
		B10000000000000000000007 /* SourceMode.swift in Sources */ = {isa = PBXBuildFile; fileRef = F10000000000000000000007 /* SourceMode.swift */; };
		B10000000000000000000008 /* FrameSource.swift in Sources */ = {isa = PBXBuildFile; fileRef = F10000000000000000000008 /* FrameSource.swift */; };
		B10000000000000000000009 /* LiveCameraFrameSource.swift in Sources */ = {isa = PBXBuildFile; fileRef = F10000000000000000000009 /* LiveCameraFrameSource.swift */; };
		B1000000000000000000000A /* VideoFileFrameSource.swift in Sources */ = {isa = PBXBuildFile; fileRef = F1000000000000000000000A /* VideoFileFrameSource.swift */; };
		B1000000000000000000000B /* DriverPipeline.swift in Sources */ = {isa = PBXBuildFile; fileRef = F1000000000000000000000B /* DriverPipeline.swift */; };
		B1000000000000000000000C /* PresageIntegration.swift in Sources */ = {isa = PBXBuildFile; fileRef = F1000000000000000000000C /* PresageIntegration.swift */; };
		B1000000000000000000000D /* VisionAttention.swift in Sources */ = {isa = PBXBuildFile; fileRef = F1000000000000000000000D /* VisionAttention.swift */; };
		B1000000000000000000000E /* OverlayView.swift in Sources */ = {isa = PBXBuildFile; fileRef = F1000000000000000000000E /* OverlayView.swift */; };
		B1000000000000000000000F /* ObjectDetector.swift in Sources */ = {isa = PBXBuildFile; fileRef = F1000000000000000000000F /* ObjectDetector.swift */; };
		B10000000000000000000010 /* RoadHeuristics.swift in Sources */ = {isa = PBXBuildFile; fileRef = F10000000000000000000010 /* RoadHeuristics.swift */; };
		B10000000000000000000011 /* RoadPipeline.swift in Sources */ = {isa = PBXBuildFile; fileRef = F10000000000000000000011 /* RoadPipeline.swift */; };
		B10000000000000000000012 /* ThirdEyeApp.swift in Sources */ = {isa = PBXBuildFile; fileRef = F10000000000000000000012 /* ThirdEyeApp.swift */; };
		B10000000000000000000013 /* Assets.xcassets in Resources */ = {isa = PBXBuildFile; fileRef = F10000000000000000000014 /* Assets.xcassets */; };
		B10000000000000000000020 /* DualCameraFrameSource.swift in Sources */ = {isa = PBXBuildFile; fileRef = F10000000000000000000020 /* DualCameraFrameSource.swift */; };
		B10000000000000000000021 /* VideoManager.swift in Sources */ = {isa = PBXBuildFile; fileRef = F10000000000000000000021 /* VideoManager.swift */; };
		B10000000000000000000022 /* VideoPickerView.swift in Sources */ = {isa = PBXBuildFile; fileRef = F10000000000000000000022 /* VideoPickerView.swift */; };
/* End PBXBuildFile section */

/* Begin PBXFileReference section */
		74599B882F2EBA7B007395F5 /* testVid1.mov */ = {isa = PBXFileReference; lastKnownFileType = video.quicktime; path = "Resources/testVid1.mov"; sourceTree = SOURCE_ROOT; };
		74599B8B2F2EBA7B007395F6 /* testVid2.mov */ = {isa = PBXFileReference; lastKnownFileType = video.quicktime; path = "Resources/testVid2.mov"; sourceTree = SOURCE_ROOT; };
		74599B8D2F2EBA7B007395F6 /* testVid5.mov */ = {isa = PBXFileReference; lastKnownFileType = video.quicktime; path = "Resources/testVid5.mov"; sourceTree = SOURCE_ROOT; };
		74599B882F2EBA7C007395F7 /* yolov8n.mlpackage */ = {isa = PBXFileReference; lastKnownFileType = folder.mlpackage; path = "Resources/yolov8n.mlpackage"; sourceTree = SOURCE_ROOT; };
		F10000000000000000000001 /* AlertManager.swift */ = {isa = PBXFileReference; lastKnownFileType = sourcecode.swift; path = "Alerts/AlertManager.swift"; sourceTree = SOURCE_ROOT; };
		F10000000000000000000002 /* AlertPhrases.swift */ = {isa = PBXFileReference; lastKnownFileType = sourcecode.swift; path = "Alerts/AlertPhrases.swift"; sourceTree = SOURCE_ROOT; };
		F10000000000000000000003 /* ElevenLabsTTS.swift */ = {isa = PBXFileReference; lastKnownFileType = sourcecode.swift; path = "Alerts/ElevenLabsTTS.swift"; sourceTree = SOURCE_ROOT; };
		F10000000000000000000004 /* TTSFallback.swift */ = {isa = PBXFileReference; lastKnownFileType = sourcecode.swift; path = "Alerts/TTSFallback.swift"; sourceTree = SOURCE_ROOT; };
		F10000000000000000000005 /* ContentView.swift */ = {isa = PBXFileReference; lastKnownFileType = sourcecode.swift; path = "App/ContentView.swift"; sourceTree = SOURCE_ROOT; };
		F10000000000000000000006 /* ContentViewModel.swift */ = {isa = PBXFileReference; lastKnownFileType = sourcecode.swift; path = "App/ContentViewModel.swift"; sourceTree = SOURCE_ROOT; };
		F10000000000000000000007 /* SourceMode.swift */ = {isa = PBXFileReference; lastKnownFileType = sourcecode.swift; path = "App/Settings/SourceMode.swift"; sourceTree = SOURCE_ROOT; };
		F10000000000000000000008 /* FrameSource.swift */ = {isa = PBXFileReference; lastKnownFileType = sourcecode.swift; path = "Camera/FrameSource.swift"; sourceTree = SOURCE_ROOT; };
		F10000000000000000000009 /* LiveCameraFrameSource.swift */ = {isa = PBXFileReference; lastKnownFileType = sourcecode.swift; path = "Camera/LiveCameraFrameSource.swift"; sourceTree = SOURCE_ROOT; };
		F1000000000000000000000A /* VideoFileFrameSource.swift */ = {isa = PBXFileReference; lastKnownFileType = sourcecode.swift; path = "Camera/VideoFileFrameSource.swift"; sourceTree = SOURCE_ROOT; };
		F1000000000000000000000B /* DriverPipeline.swift */ = {isa = PBXFileReference; lastKnownFileType = sourcecode.swift; path = "Driver/DriverPipeline.swift"; sourceTree = SOURCE_ROOT; };
		F1000000000000000000000C /* PresageIntegration.swift */ = {isa = PBXFileReference; lastKnownFileType = sourcecode.swift; path = "Driver/PresageIntegration.swift"; sourceTree = SOURCE_ROOT; };
		F1000000000000000000000D /* VisionAttention.swift */ = {isa = PBXFileReference; lastKnownFileType = sourcecode.swift; path = "Driver/VisionAttention.swift"; sourceTree = SOURCE_ROOT; };
		F1000000000000000000000E /* OverlayView.swift */ = {isa = PBXFileReference; lastKnownFileType = sourcecode.swift; path = "HUD/OverlayView.swift"; sourceTree = SOURCE_ROOT; };
		F1000000000000000000000F /* ObjectDetector.swift */ = {isa = PBXFileReference; lastKnownFileType = sourcecode.swift; path = "Road/ObjectDetector.swift"; sourceTree = SOURCE_ROOT; };
		F10000000000000000000010 /* RoadHeuristics.swift */ = {isa = PBXFileReference; lastKnownFileType = sourcecode.swift; path = "Road/RoadHeuristics.swift"; sourceTree = SOURCE_ROOT; };
		F10000000000000000000011 /* RoadPipeline.swift */ = {isa = PBXFileReference; lastKnownFileType = sourcecode.swift; path = "Road/RoadPipeline.swift"; sourceTree = SOURCE_ROOT; };
		F10000000000000000000012 /* ThirdEyeApp.swift */ = {isa = PBXFileReference; lastKnownFileType = sourcecode.swift; path = ThirdEyeApp.swift; sourceTree = SOURCE_ROOT; };
		F10000000000000000000014 /* Assets.xcassets */ = {isa = PBXFileReference; lastKnownFileType = folder.assetcatalog; path = "Resources/Assets.xcassets"; sourceTree = SOURCE_ROOT; };
		F10000000000000000000015 /* Info.plist */ = {isa = PBXFileReference; lastKnownFileType = text.plist.xml; path = Info.plist; sourceTree = SOURCE_ROOT; };
		F10000000000000000000020 /* DualCameraFrameSource.swift */ = {isa = PBXFileReference; lastKnownFileType = sourcecode.swift; path = "Camera/DualCameraFrameSource.swift"; sourceTree = SOURCE_ROOT; };
		F10000000000000000000021 /* VideoManager.swift */ = {isa = PBXFileReference; lastKnownFileType = sourcecode.swift; path = "App/VideoManager.swift"; sourceTree = SOURCE_ROOT; };
		F10000000000000000000022 /* VideoPickerView.swift */ = {isa = PBXFileReference; lastKnownFileType = sourcecode.swift; path = "App/VideoPickerView.swift"; sourceTree = SOURCE_ROOT; };
		T10000000000000000000001 /* HackBrown.app */ = {isa = PBXFileReference; explicitFileType = wrapper.application; includeInIndex = 0; path = HackBrown.app; sourceTree = BUILT_PRODUCTS_DIR; };
/* End PBXFileReference section */

/* Begin PBXFrameworksBuildPhase section */
		P10000000000000000000002 /* Frameworks */ = {
			isa = PBXFrameworksBuildPhase;
			buildActionMask = 2147483647;
			files = (
			);
			runOnlyForDeploymentPostprocessing = 0;
		};
/* End PBXFrameworksBuildPhase section */

/* Begin PBXGroup section */
		G10000000000000000000001 = {
			isa = PBXGroup;
			children = (
				G10000000000000000000002 /* . */,
				G10000000000000000000003 /* Products */,
			);
			sourceTree = "<group>";
		};
		G100000000000000000002 /* . */ = {
			isa = PBXGroup;
			children = (
				F10000000000000000000012 /* ThirdEyeApp.swift */,
				GG100000000000000000001 /* Alerts */,
				GG100000000000000000002 /* App */,
				GG100000000000000000003 /* Camera */,
				GG100000000000000000004 /* Driver */,
				GG100000000000000000005 /* HUD */,
				GG100000000000000000006 /* Road */,
				GG100000000000000000007 /* Resources */,
				F10000000000000000000015 /* Info.plist */,
			);
			path = .;
			sourceTree = "<group>";
		};
		G10000000000000000000003 /* Products */ = {
			isa = PBXGroup;
			children = (
				T10000000000000000000001 /* HackBrown.app */,
			);
			name = Products;
			sourceTree = "<group>";
		};
		GG100000000000000000001 /* Alerts */ = {
			isa = PBXGroup;
			children = (
				F10000000000000000000001 /* AlertManager.swift */,
				F10000000000000000000002 /* AlertPhrases.swift */,
				F10000000000000000000003 /* ElevenLabsTTS.swift */,
				F10000000000000000000004 /* TTSFallback.swift */,
			);
			path = Alerts;
			sourceTree = "<group>";
		};
		GG100000000000000000002 /* App */ = {
			isa = PBXGroup;
			children = (
				F10000000000000000000005 /* ContentView.swift */,
				F10000000000000000000006 /* ContentViewModel.swift */,
				F10000000000000000000021 /* VideoManager.swift */,
				F10000000000000000000022 /* VideoPickerView.swift */,
				GG100000000000000000008 /* Settings */,
			);
			path = App;
			sourceTree = "<group>";
		};
		GG100000000000000000003 /* Camera */ = {
			isa = PBXGroup;
			children = (
				F10000000000000000000008 /* FrameSource.swift */,
				F10000000000000000000009 /* LiveCameraFrameSource.swift */,
				F10000000000000000000020 /* DualCameraFrameSource.swift */,
				F1000000000000000000000A /* VideoFileFrameSource.swift */,
			);
			path = Camera;
			sourceTree = "<group>";
		};
		GG100000000000000000004 /* Driver */ = {
			isa = PBXGroup;
			children = (
				F1000000000000000000000B /* DriverPipeline.swift */,
				F1000000000000000000000C /* PresageIntegration.swift */,
				F1000000000000000000000D /* VisionAttention.swift */,
			);
			path = Driver;
			sourceTree = "<group>";
		};
		GG100000000000000000005 /* HUD */ = {
			isa = PBXGroup;
			children = (
				F1000000000000000000000E /* OverlayView.swift */,
			);
			path = HUD;
			sourceTree = "<group>";
		};
		GG100000000000000000006 /* Road */ = {
			isa = PBXGroup;
			children = (
				F1000000000000000000000F /* ObjectDetector.swift */,
				F10000000000000000000010 /* RoadHeuristics.swift */,
				F10000000000000000000011 /* RoadPipeline.swift */,
			);
			path = Road;
			sourceTree = "<group>";
		};
		GG100000000000000000007 /* Resources */ = {
			isa = PBXGroup;
			children = (
				F10000000000000000000014 /* Assets.xcassets */,
				74599B882F2EBA7B007395F5 /* testVid1.mov */,
				74599B8B2F2EBA7B007395F6 /* testVid2.mov */,
				74599B8D2F2EBA7B007395F6 /* testVid5.mov */,
				74599B882F2EBA7C007395F7 /* yolov8n.mlpackage */,
			);
			path = Resources;
			sourceTree = "<group>";
		};
		GG100000000000000000008 /* Settings */ = {
			isa = PBXGroup;
			children = (
				F10000000000000000000007 /* SourceMode.swift */,
			);
			path = Settings;
			sourceTree = "<group>";
		};
/* End PBXGroup section */

/* Begin PBXNativeTarget section */
		T10000000000000000000002 /* HackBrown */ = {
			isa = PBXNativeTarget;
			buildConfigurationList = C10000000000000000000001 /* Build configuration list for PBXNativeTarget "HackBrown" */;
			buildPhases = (
				P10000000000000000000001 /* Sources */,
				P10000000000000000000002 /* Frameworks */,
				P10000000000000000000003 /* Resources */,
			);
			buildRules = (
			);
			dependencies = (
			);
			name = HackBrown;
			productName = HackBrown;
			productReference = T10000000000000000000001 /* HackBrown.app */;
			productType = "com.apple.product-type.application";
		};
/* End PBXNativeTarget section */

/* Begin PBXProject section */
		P10000000000000000000000 /* Project object */ = {
			isa = PBXProject;
			attributes = {
				BuildIndependentTargetsInParallel = 1;
				LastSwiftUpdateCheck = 1500;
				LastUpgradeCheck = 1500;
			};
			buildConfigurationList = C10000000000000000000002 /* Build configuration list for PBXProject "HackBrown" */;
			compatibilityVersion = "Xcode 14.0";
			developmentRegion = en;
			hasScannedForEncodings = 0;
			knownRegions = (
				en,
				Base,
			);
			mainGroup = G10000000000000000000001;
			productRefGroup = G10000000000000000000003 /* Products */;
			projectDirPath = "";
			projectRoot = "";
			targets = (
				T10000000000000000000002 /* HackBrown */,
			);
		};
/* End PBXProject section */

/* Begin PBXResourcesBuildPhase section */
		P10000000000000000000003 /* Resources */ = {
			isa = PBXResourcesBuildPhase;
			buildActionMask = 2147483647;
			files = (
				B10000000000000000000013 /* Assets.xcassets in Resources */,
				74599B892F2EBA7B007395F5 /* testVid1.mov in Resources */,
				74599B8A2F2EBA7B007395F6 /* testVid2.mov in Resources */,
				74599B8C2F2EBA7B007395F6 /* testVid5.mov in Resources */,
				74599B882F2EBA7C007395F6 /* yolov8n.mlpackage in Resources */,
			);
			runOnlyForDeploymentPostprocessing = 0;
		};
/* End PBXResourcesBuildPhase section */

/* Begin PBXSourcesBuildPhase section */
		P10000000000000000000001 /* Sources */ = {
			isa = PBXSourcesBuildPhase;
			buildActionMask = 2147483647;
			files = (
				B10000000000000000000001 /* AlertManager.swift in Sources */,
				B10000000000000000000002 /* AlertPhrases.swift in Sources */,
				B10000000000000000000003 /* ElevenLabsTTS.swift in Sources */,
				B10000000000000000000004 /* TTSFallback.swift in Sources */,
				B10000000000000000000005 /* ContentView.swift in Sources */,
				B10000000000000000000006 /* ContentViewModel.swift in Sources */,
				B10000000000000000000007 /* SourceMode.swift in Sources */,
				B10000000000000000000008 /* FrameSource.swift in Sources */,
				B10000000000000000000009 /* LiveCameraFrameSource.swift in Sources */,
				B1000000000000000000000A /* VideoFileFrameSource.swift in Sources */,
				B1000000000000000000000B /* DriverPipeline.swift in Sources */,
				B1000000000000000000000C /* PresageIntegration.swift in Sources */,
				B1000000000000000000000D /* VisionAttention.swift in Sources */,
				B1000000000000000000000E /* OverlayView.swift in Sources */,
				B1000000000000000000000F /* ObjectDetector.swift in Sources */,
				B10000000000000000000010 /* RoadHeuristics.swift in Sources */,
				B10000000000000000000011 /* RoadPipeline.swift in Sources */,
				B10000000000000000000012 /* ThirdEyeApp.swift in Sources */,
				B10000000000000000000020 /* DualCameraFrameSource.swift in Sources */,
				B10000000000000000000021 /* VideoManager.swift in Sources */,
				B10000000000000000000022 /* VideoPickerView.swift in Sources */,
			);
			runOnlyForDeploymentPostprocessing = 0;
		};
/* End PBXSourcesBuildPhase section */

/* Begin XCBuildConfiguration section */
		C10000000000000000000003 /* Debug */ = {
			isa = XCBuildConfiguration;
			buildSettings = {
				ALWAYS_SEARCH_USER_PATHS = NO;
				ASSETCATALOG_COMPILER_GENERATE_SWIFT_ASSET_SYMBOL_EXTENSIONS = YES;
				CLANG_ANALYZER_NONNULL = YES;
				CLANG_ANALYZER_NUMBER_OBJECT_CONVERSION = YES_AGGRESSIVE;
				CLANG_CXX_LANGUAGE_STANDARD = "gnu++20";
				CLANG_ENABLE_MODULES = YES;
				CLANG_ENABLE_OBJC_ARC = YES;
				COPY_PHASE_STRIP = NO;
				DEBUG_INFORMATION_FORMAT = dwarf;
				ENABLE_STRICT_OBJC_MSGSEND = YES;
				ENABLE_TESTABILITY = YES;
				GCC_C_LANGUAGE_STANDARD = gnu17;
				GCC_DYNAMIC_NO_PIC = NO;
				GCC_OPTIMIZATION_LEVEL = 0;
				GCC_PREPROCESSOR_DEFINITIONS = (
					"DEBUG=1",
					"$(inherited)",
				);
				IPHONEOS_DEPLOYMENT_TARGET = 15.0;
				MTL_ENABLE_DEBUG_INFO = INCLUDE_SOURCE;
				MTL_FAST_MATH = YES;
				ONLY_ACTIVE_ARCH = YES;
				SDKROOT = iphoneos;
				SWIFT_ACTIVE_COMPILATION_CONDITIONS = DEBUG;
				SWIFT_OPTIMIZATION_LEVEL = "-Onone";
			};
			name = Debug;
		};
		C10000000000000000000004 /* Release */ = {
			isa = XCBuildConfiguration;
			buildSettings = {
				ALWAYS_SEARCH_USER_PATHS = NO;
				ASSETCATALOG_COMPILER_GENERATE_SWIFT_ASSET_SYMBOL_EXTENSIONS = YES;
				CLANG_ANALYZER_NONNULL = YES;
				CLANG_ANALYZER_NUMBER_OBJECT_CONVERSION = YES_AGGRESSIVE;
				CLANG_CXX_LANGUAGE_STANDARD = "gnu++20";
				CLANG_ENABLE_MODULES = YES;
				CLANG_ENABLE_OBJC_ARC = YES;
				COPY_PHASE_STRIP = NO;
				DEBUG_INFORMATION_FORMAT = "dwarf-with-dsym";
				ENABLE_NS_ASSERTIONS = NO;
				ENABLE_STRICT_OBJC_MSGSEND = YES;
				GCC_C_LANGUAGE_STANDARD = gnu17;
				IPHONEOS_DEPLOYMENT_TARGET = 15.0;
				MTL_ENABLE_DEBUG_INFO = NO;
				MTL_FAST_MATH = YES;
				SDKROOT = iphoneos;
				SWIFT_COMPILATION_MODE = wholemodule;
				VALIDATE_PRODUCT = YES;
			};
			name = Release;
		};
		C10000000000000000000005 /* Debug */ = {
			isa = XCBuildConfiguration;
			buildSettings = {
				ASSETCATALOG_COMPILER_APPICON_NAME = AppIcon;
				ASSETCATALOG_COMPILER_GLOBAL_ACCENT_COLOR_NAME = AccentColor;
				CODE_SIGN_STYLE = Automatic;
				CURRENT_PROJECT_VERSION = 1;
				DEVELOPMENT_ASSET_PATHS = "";
				DEVELOPMENT_TEAM = Q9N4K6UHGG;
				ENABLE_PREVIEWS = YES;
				GENERATE_INFOPLIST_FILE = NO;
				INFOPLIST_FILE = Info.plist;
				INFOPLIST_KEY_CFBundleDisplayName = HackBrown;
				INFOPLIST_KEY_UIApplicationSceneManifest_Generation = YES;
				INFOPLIST_KEY_UIApplicationSupportsIndirectInputEvents = YES;
				INFOPLIST_KEY_UILaunchScreen_Generation = YES;
				INFOPLIST_KEY_UISupportedInterfaceOrientations = UIInterfaceOrientationPortrait;
				LD_RUNPATH_SEARCH_PATHS = (
					"$(inherited)",
					"@executable_path/Frameworks",
				);
				MARKETING_VERSION = 1.0;
				PRODUCT_BUNDLE_IDENTIFIER = com.hackbrown.HackBrown;
				PRODUCT_NAME = "$(TARGET_NAME)";
				SWIFT_EMIT_LOC_STRINGS = YES;
				SWIFT_VERSION = 5.0;
				TARGETED_DEVICE_FAMILY = "1,2";
			};
			name = Debug;
		};
		C10000000000000000000006 /* Release */ = {
			isa = XCBuildConfiguration;
			buildSettings = {
				ASSETCATALOG_COMPILER_APPICON_NAME = AppIcon;
				ASSETCATALOG_COMPILER_GLOBAL_ACCENT_COLOR_NAME = AccentColor;
				CODE_SIGN_STYLE = Automatic;
				CURRENT_PROJECT_VERSION = 1;
				DEVELOPMENT_ASSET_PATHS = "";
				DEVELOPMENT_TEAM = Q9N4K6UHGG;
				ENABLE_PREVIEWS = YES;
				GENERATE_INFOPLIST_FILE = NO;
				INFOPLIST_FILE = Info.plist;
				INFOPLIST_KEY_CFBundleDisplayName = HackBrown;
				INFOPLIST_KEY_UIApplicationSceneManifest_Generation = YES;
				INFOPLIST_KEY_UIApplicationSupportsIndirectInputEvents = YES;
				INFOPLIST_KEY_UILaunchScreen_Generation = YES;
				INFOPLIST_KEY_UISupportedInterfaceOrientations = UIInterfaceOrientationPortrait;
				LD_RUNPATH_SEARCH_PATHS = (
					"$(inherited)",
					"@executable_path/Frameworks",
				);
				MARKETING_VERSION = 1.0;
				PRODUCT_BUNDLE_IDENTIFIER = com.hackbrown.HackBrown;
				PRODUCT_NAME = "$(TARGET_NAME)";
				SWIFT_EMIT_LOC_STRINGS = YES;
				SWIFT_VERSION = 5.0;
				TARGETED_DEVICE_FAMILY = "1,2";
			};
			name = Release;
		};
/* End XCBuildConfiguration section */

/* Begin XCConfigurationList section */
		C10000000000000000000001 /* Build configuration list for PBXNativeTarget "HackBrown" */ = {
			isa = XCConfigurationList;
			buildConfigurations = (
				C10000000000000000000005 /* Debug */,
				C10000000000000000000006 /* Release */,
			);
			defaultConfigurationIsVisible = 0;
			defaultConfigurationName = Release;
		};
		C10000000000000000000002 /* Build configuration list for PBXProject "HackBrown" */ = {
			isa = XCConfigurationList;
			buildConfigurations = (
				C10000000000000000000003 /* Debug */,
				C10000000000000000000004 /* Release */,
			);
			defaultConfigurationIsVisible = 0;
			defaultConfigurationName = Release;
		};
/* End XCConfigurationList section */
	};
	rootObject = P10000000000000000000000 /* Project object */;
}
